{
  "pins" : [
    {
      "identity" : "networkingkit",
      "kind" : "remoteSourceControl",
      "location" : "https://github.com/anubhavpulkit/NetworkingKit.git",
      "state" : {
        "revision" : "73f9a2bac014722dd3ea85b9cf70b5dd1d8bccde",
        "version" : "0.0.3"
      }
    }
  ],
  "version" : 2
}
